// !$*UTF8*$!
{
	archiveVersion = 1;
	classes = {
	};
	objectVersion = 50;
	objects = {

/* Begin PBXBuildFile section */
		86FBF324260AB49700846A6C /* AppDelegate.swift in Sources */ = {isa = PBXBuildFile; fileRef = 86FBF323260AB49700846A6C /* AppDelegate.swift */; };
		86FBF326260AB49700846A6C /* SceneDelegate.swift in Sources */ = {isa = PBXBuildFile; fileRef = 86FBF325260AB49700846A6C /* SceneDelegate.swift */; };
		86FBF32B260AB49700846A6C /* Main.storyboard in Resources */ = {isa = PBXBuildFile; fileRef = 86FBF329260AB49700846A6C /* Main.storyboard */; };
		86FBF32D260AB49700846A6C /* Assets.xcassets in Resources */ = {isa = PBXBuildFile; fileRef = 86FBF32C260AB49700846A6C /* Assets.xcassets */; };
		86FBF330260AB49700846A6C /* LaunchScreen.storyboard in Resources */ = {isa = PBXBuildFile; fileRef = 86FBF32E260AB49700846A6C /* LaunchScreen.storyboard */; };
		86FBF33B260AB49800846A6C /* ArtistsFromiTunesTests.swift in Sources */ = {isa = PBXBuildFile; fileRef = 86FBF33A260AB49800846A6C /* ArtistsFromiTunesTests.swift */; };
		86FBF346260AB49800846A6C /* ArtistsFromiTunesUITests.swift in Sources */ = {isa = PBXBuildFile; fileRef = 86FBF345260AB49800846A6C /* ArtistsFromiTunesUITests.swift */; };
		86FBF359260AB50F00846A6C /* EndPointType.swift in Sources */ = {isa = PBXBuildFile; fileRef = 86FBF358260AB50F00846A6C /* EndPointType.swift */; };
		86FBF35E260AB55E00846A6C /* HTTPMethod.swift in Sources */ = {isa = PBXBuildFile; fileRef = 86FBF35D260AB55E00846A6C /* HTTPMethod.swift */; };
		86FBF363260AB57A00846A6C /* HTTPTask.swift in Sources */ = {isa = PBXBuildFile; fileRef = 86FBF362260AB57A00846A6C /* HTTPTask.swift */; };
		86FBF368260AB59A00846A6C /* NetworkRouter.swift in Sources */ = {isa = PBXBuildFile; fileRef = 86FBF367260AB59A00846A6C /* NetworkRouter.swift */; };
		86FBF36D260AB5F400846A6C /* Router.swift in Sources */ = {isa = PBXBuildFile; fileRef = 86FBF36C260AB5F400846A6C /* Router.swift */; };
		86FBF378260AB65800846A6C /* ParameterEncoding.swift in Sources */ = {isa = PBXBuildFile; fileRef = 86FBF377260AB65800846A6C /* ParameterEncoding.swift */; };
		86FBF380260AB68400846A6C /* JSONParameterEncoder.swift in Sources */ = {isa = PBXBuildFile; fileRef = 86FBF37F260AB68400846A6C /* JSONParameterEncoder.swift */; };
		86FBF385260AB6A100846A6C /* URLParameterEncoder.swift in Sources */ = {isa = PBXBuildFile; fileRef = 86FBF384260AB6A100846A6C /* URLParameterEncoder.swift */; };
		86FBF38B260AB6DB00846A6C /* HTTPNetworkError.swift in Sources */ = {isa = PBXBuildFile; fileRef = 86FBF38A260AB6DB00846A6C /* HTTPNetworkError.swift */; };
		86FBF390260AB70300846A6C /* HTTPNetworkConstants.swift in Sources */ = {isa = PBXBuildFile; fileRef = 86FBF38F260AB70300846A6C /* HTTPNetworkConstants.swift */; };
		86FBF397260AB79F00846A6C /* ArtistEndPoint.swift in Sources */ = {isa = PBXBuildFile; fileRef = 86FBF396260AB79F00846A6C /* ArtistEndPoint.swift */; };
		86FBF39C260AB97000846A6C /* ArtistRequests.swift in Sources */ = {isa = PBXBuildFile; fileRef = 86FBF39B260AB97000846A6C /* ArtistRequests.swift */; };
		86FBF3A2260ABCA200846A6C /* TrackDataModel.swift in Sources */ = {isa = PBXBuildFile; fileRef = 86FBF3A1260ABCA200846A6C /* TrackDataModel.swift */; };
		86FBF3AE260ABFD100846A6C /* ArtistTracksViewController.swift in Sources */ = {isa = PBXBuildFile; fileRef = 86FBF3AD260ABFD100846A6C /* ArtistTracksViewController.swift */; };
		86FBF3B3260ABFEC00846A6C /* TrackTableViewCell.swift in Sources */ = {isa = PBXBuildFile; fileRef = 86FBF3B2260ABFEC00846A6C /* TrackTableViewCell.swift */; };
		86FBF3B8260AC32700846A6C /* ArtistTracksViewModel.swift in Sources */ = {isa = PBXBuildFile; fileRef = 86FBF3B7260AC32700846A6C /* ArtistTracksViewModel.swift */; };
		86FBF3C3260AEDBA00846A6C /* StringParameterEncoding.swift in Sources */ = {isa = PBXBuildFile; fileRef = 86FBF3C2260AEDBA00846A6C /* StringParameterEncoding.swift */; };
		86FBF3CA260B095F00846A6C /* MockArtistRequests.swift in Sources */ = {isa = PBXBuildFile; fileRef = 86FBF3C9260B095F00846A6C /* MockArtistRequests.swift */; };
		86FBF3D2260B0AB400846A6C /* PinkFloydTracks.json in Resources */ = {isa = PBXBuildFile; fileRef = 86FBF3D1260B0AB400846A6C /* PinkFloydTracks.json */; };
/* End PBXBuildFile section */

/* Begin PBXContainerItemProxy section */
		86FBF337260AB49800846A6C /* PBXContainerItemProxy */ = {
			isa = PBXContainerItemProxy;
			containerPortal = 86FBF318260AB49700846A6C /* Project object */;
			proxyType = 1;
			remoteGlobalIDString = 86FBF31F260AB49700846A6C;
			remoteInfo = ArtistsFromiTunes;
		};
		86FBF342260AB49800846A6C /* PBXContainerItemProxy */ = {
			isa = PBXContainerItemProxy;
			containerPortal = 86FBF318260AB49700846A6C /* Project object */;
			proxyType = 1;
			remoteGlobalIDString = 86FBF31F260AB49700846A6C;
			remoteInfo = ArtistsFromiTunes;
		};
/* End PBXContainerItemProxy section */

/* Begin PBXFileReference section */
		86FBF320260AB49700846A6C /* ArtistsFromiTunes.app */ = {isa = PBXFileReference; explicitFileType = wrapper.application; includeInIndex = 0; path = ArtistsFromiTunes.app; sourceTree = BUILT_PRODUCTS_DIR; };
		86FBF323260AB49700846A6C /* AppDelegate.swift */ = {isa = PBXFileReference; lastKnownFileType = sourcecode.swift; path = AppDelegate.swift; sourceTree = "<group>"; };
		86FBF325260AB49700846A6C /* SceneDelegate.swift */ = {isa = PBXFileReference; lastKnownFileType = sourcecode.swift; path = SceneDelegate.swift; sourceTree = "<group>"; };
		86FBF32A260AB49700846A6C /* Base */ = {isa = PBXFileReference; lastKnownFileType = file.storyboard; name = Base; path = Base.lproj/Main.storyboard; sourceTree = "<group>"; };
		86FBF32C260AB49700846A6C /* Assets.xcassets */ = {isa = PBXFileReference; lastKnownFileType = folder.assetcatalog; path = Assets.xcassets; sourceTree = "<group>"; };
		86FBF32F260AB49700846A6C /* Base */ = {isa = PBXFileReference; lastKnownFileType = file.storyboard; name = Base; path = Base.lproj/LaunchScreen.storyboard; sourceTree = "<group>"; };
		86FBF331260AB49700846A6C /* Info.plist */ = {isa = PBXFileReference; lastKnownFileType = text.plist.xml; path = Info.plist; sourceTree = "<group>"; };
		86FBF336260AB49800846A6C /* ArtistsFromiTunesTests.xctest */ = {isa = PBXFileReference; explicitFileType = wrapper.cfbundle; includeInIndex = 0; path = ArtistsFromiTunesTests.xctest; sourceTree = BUILT_PRODUCTS_DIR; };
		86FBF33A260AB49800846A6C /* ArtistsFromiTunesTests.swift */ = {isa = PBXFileReference; lastKnownFileType = sourcecode.swift; path = ArtistsFromiTunesTests.swift; sourceTree = "<group>"; };
		86FBF33C260AB49800846A6C /* Info.plist */ = {isa = PBXFileReference; lastKnownFileType = text.plist.xml; path = Info.plist; sourceTree = "<group>"; };
		86FBF341260AB49800846A6C /* ArtistsFromiTunesUITests.xctest */ = {isa = PBXFileReference; explicitFileType = wrapper.cfbundle; includeInIndex = 0; path = ArtistsFromiTunesUITests.xctest; sourceTree = BUILT_PRODUCTS_DIR; };
		86FBF345260AB49800846A6C /* ArtistsFromiTunesUITests.swift */ = {isa = PBXFileReference; lastKnownFileType = sourcecode.swift; path = ArtistsFromiTunesUITests.swift; sourceTree = "<group>"; };
		86FBF347260AB49800846A6C /* Info.plist */ = {isa = PBXFileReference; lastKnownFileType = text.plist.xml; path = Info.plist; sourceTree = "<group>"; };
		86FBF358260AB50F00846A6C /* EndPointType.swift */ = {isa = PBXFileReference; lastKnownFileType = sourcecode.swift; path = EndPointType.swift; sourceTree = "<group>"; };
		86FBF35D260AB55E00846A6C /* HTTPMethod.swift */ = {isa = PBXFileReference; lastKnownFileType = sourcecode.swift; path = HTTPMethod.swift; sourceTree = "<group>"; };
		86FBF362260AB57A00846A6C /* HTTPTask.swift */ = {isa = PBXFileReference; lastKnownFileType = sourcecode.swift; path = HTTPTask.swift; sourceTree = "<group>"; };
		86FBF367260AB59A00846A6C /* NetworkRouter.swift */ = {isa = PBXFileReference; lastKnownFileType = sourcecode.swift; path = NetworkRouter.swift; sourceTree = "<group>"; };
		86FBF36C260AB5F400846A6C /* Router.swift */ = {isa = PBXFileReference; lastKnownFileType = sourcecode.swift; path = Router.swift; sourceTree = "<group>"; };
		86FBF377260AB65800846A6C /* ParameterEncoding.swift */ = {isa = PBXFileReference; lastKnownFileType = sourcecode.swift; path = ParameterEncoding.swift; sourceTree = "<group>"; };
		86FBF37F260AB68400846A6C /* JSONParameterEncoder.swift */ = {isa = PBXFileReference; lastKnownFileType = sourcecode.swift; path = JSONParameterEncoder.swift; sourceTree = "<group>"; };
		86FBF384260AB6A100846A6C /* URLParameterEncoder.swift */ = {isa = PBXFileReference; lastKnownFileType = sourcecode.swift; path = URLParameterEncoder.swift; sourceTree = "<group>"; };
		86FBF38A260AB6DB00846A6C /* HTTPNetworkError.swift */ = {isa = PBXFileReference; lastKnownFileType = sourcecode.swift; path = HTTPNetworkError.swift; sourceTree = "<group>"; };
		86FBF38F260AB70300846A6C /* HTTPNetworkConstants.swift */ = {isa = PBXFileReference; lastKnownFileType = sourcecode.swift; path = HTTPNetworkConstants.swift; sourceTree = "<group>"; };
		86FBF396260AB79F00846A6C /* ArtistEndPoint.swift */ = {isa = PBXFileReference; lastKnownFileType = sourcecode.swift; path = ArtistEndPoint.swift; sourceTree = "<group>"; };
		86FBF39B260AB97000846A6C /* ArtistRequests.swift */ = {isa = PBXFileReference; lastKnownFileType = sourcecode.swift; path = ArtistRequests.swift; sourceTree = "<group>"; };
		86FBF3A1260ABCA200846A6C /* TrackDataModel.swift */ = {isa = PBXFileReference; lastKnownFileType = sourcecode.swift; path = TrackDataModel.swift; sourceTree = "<group>"; };
		86FBF3AD260ABFD100846A6C /* ArtistTracksViewController.swift */ = {isa = PBXFileReference; lastKnownFileType = sourcecode.swift; path = ArtistTracksViewController.swift; sourceTree = "<group>"; };
		86FBF3B2260ABFEC00846A6C /* TrackTableViewCell.swift */ = {isa = PBXFileReference; lastKnownFileType = sourcecode.swift; path = TrackTableViewCell.swift; sourceTree = "<group>"; };
		86FBF3B7260AC32700846A6C /* ArtistTracksViewModel.swift */ = {isa = PBXFileReference; lastKnownFileType = sourcecode.swift; path = ArtistTracksViewModel.swift; sourceTree = "<group>"; };
		86FBF3C2260AEDBA00846A6C /* StringParameterEncoding.swift */ = {isa = PBXFileReference; lastKnownFileType = sourcecode.swift; path = StringParameterEncoding.swift; sourceTree = "<group>"; };
		86FBF3C9260B095F00846A6C /* MockArtistRequests.swift */ = {isa = PBXFileReference; lastKnownFileType = sourcecode.swift; path = MockArtistRequests.swift; sourceTree = "<group>"; };
		86FBF3D1260B0AB400846A6C /* PinkFloydTracks.json */ = {isa = PBXFileReference; lastKnownFileType = text.json; path = PinkFloydTracks.json; sourceTree = "<group>"; };
/* End PBXFileReference section */

/* Begin PBXFrameworksBuildPhase section */
		86FBF31D260AB49700846A6C /* Frameworks */ = {
			isa = PBXFrameworksBuildPhase;
			buildActionMask = 2147483647;
			files = (
			);
			runOnlyForDeploymentPostprocessing = 0;
		};
		86FBF333260AB49800846A6C /* Frameworks */ = {
			isa = PBXFrameworksBuildPhase;
			buildActionMask = 2147483647;
			files = (
			);
			runOnlyForDeploymentPostprocessing = 0;
		};
		86FBF33E260AB49800846A6C /* Frameworks */ = {
			isa = PBXFrameworksBuildPhase;
			buildActionMask = 2147483647;
			files = (
			);
			runOnlyForDeploymentPostprocessing = 0;
		};
/* End PBXFrameworksBuildPhase section */

/* Begin PBXGroup section */
		86FBF317260AB49700846A6C = {
			isa = PBXGroup;
			children = (
				86FBF322260AB49700846A6C /* ArtistsFromiTunes */,
				86FBF339260AB49800846A6C /* ArtistsFromiTunesTests */,
				86FBF344260AB49800846A6C /* ArtistsFromiTunesUITests */,
				86FBF321260AB49700846A6C /* Products */,
			);
			sourceTree = "<group>";
		};
		86FBF321260AB49700846A6C /* Products */ = {
			isa = PBXGroup;
			children = (
				86FBF320260AB49700846A6C /* ArtistsFromiTunes.app */,
				86FBF336260AB49800846A6C /* ArtistsFromiTunesTests.xctest */,
				86FBF341260AB49800846A6C /* ArtistsFromiTunesUITests.xctest */,
			);
			name = Products;
			sourceTree = "<group>";
		};
		86FBF322260AB49700846A6C /* ArtistsFromiTunes */ = {
			isa = PBXGroup;
			children = (
				86FBF3AC260ABFAB00846A6C /* Views */,
				86FBF3A0260ABA6B00846A6C /* Models */,
				86FBF356260AB4EA00846A6C /* Networking */,
				86FBF323260AB49700846A6C /* AppDelegate.swift */,
				86FBF325260AB49700846A6C /* SceneDelegate.swift */,
				86FBF329260AB49700846A6C /* Main.storyboard */,
				86FBF32C260AB49700846A6C /* Assets.xcassets */,
				86FBF32E260AB49700846A6C /* LaunchScreen.storyboard */,
				86FBF331260AB49700846A6C /* Info.plist */,
			);
			path = ArtistsFromiTunes;
			sourceTree = "<group>";
		};
		86FBF339260AB49800846A6C /* ArtistsFromiTunesTests */ = {
			isa = PBXGroup;
			children = (
				86FBF3C8260B093600846A6C /* Mocks */,
				86FBF3C7260B092700846A6C /* TestData */,
				86FBF33A260AB49800846A6C /* ArtistsFromiTunesTests.swift */,
				86FBF33C260AB49800846A6C /* Info.plist */,
			);
			path = ArtistsFromiTunesTests;
			sourceTree = "<group>";
		};
		86FBF344260AB49800846A6C /* ArtistsFromiTunesUITests */ = {
			isa = PBXGroup;
			children = (
				86FBF345260AB49800846A6C /* ArtistsFromiTunesUITests.swift */,
				86FBF347260AB49800846A6C /* Info.plist */,
			);
			path = ArtistsFromiTunesUITests;
			sourceTree = "<group>";
		};
		86FBF356260AB4EA00846A6C /* Networking */ = {
			isa = PBXGroup;
			children = (
				86FBF395260AB72100846A6C /* Requests */,
				86FBF394260AB71600846A6C /* EndPoint */,
				86FBF389260AB6C100846A6C /* HTTP */,
				86FBF376260AB63A00846A6C /* Encoding */,
				86FBF357260AB4F800846A6C /* Service */,
			);
			path = Networking;
			sourceTree = "<group>";
		};
		86FBF357260AB4F800846A6C /* Service */ = {
			isa = PBXGroup;
			children = (
				86FBF358260AB50F00846A6C /* EndPointType.swift */,
				86FBF35D260AB55E00846A6C /* HTTPMethod.swift */,
				86FBF362260AB57A00846A6C /* HTTPTask.swift */,
				86FBF367260AB59A00846A6C /* NetworkRouter.swift */,
				86FBF36C260AB5F400846A6C /* Router.swift */,
			);
			path = Service;
			sourceTree = "<group>";
		};
		86FBF376260AB63A00846A6C /* Encoding */ = {
			isa = PBXGroup;
			children = (
				86FBF377260AB65800846A6C /* ParameterEncoding.swift */,
				86FBF37F260AB68400846A6C /* JSONParameterEncoder.swift */,
				86FBF384260AB6A100846A6C /* URLParameterEncoder.swift */,
				86FBF3C2260AEDBA00846A6C /* StringParameterEncoding.swift */,
			);
			path = Encoding;
			sourceTree = "<group>";
		};
		86FBF389260AB6C100846A6C /* HTTP */ = {
			isa = PBXGroup;
			children = (
				86FBF38A260AB6DB00846A6C /* HTTPNetworkError.swift */,
				86FBF38F260AB70300846A6C /* HTTPNetworkConstants.swift */,
			);
			path = HTTP;
			sourceTree = "<group>";
		};
		86FBF394260AB71600846A6C /* EndPoint */ = {
			isa = PBXGroup;
			children = (
				86FBF396260AB79F00846A6C /* ArtistEndPoint.swift */,
			);
			path = EndPoint;
			sourceTree = "<group>";
		};
		86FBF395260AB72100846A6C /* Requests */ = {
			isa = PBXGroup;
			children = (
				86FBF39B260AB97000846A6C /* ArtistRequests.swift */,
			);
			path = Requests;
			sourceTree = "<group>";
		};
		86FBF3A0260ABA6B00846A6C /* Models */ = {
			isa = PBXGroup;
			children = (
				86FBF3B7260AC32700846A6C /* ArtistTracksViewModel.swift */,
				86FBF3A1260ABCA200846A6C /* TrackDataModel.swift */,
			);
			path = Models;
			sourceTree = "<group>";
		};
		86FBF3AC260ABFAB00846A6C /* Views */ = {
			isa = PBXGroup;
			children = (
				86FBF3AD260ABFD100846A6C /* ArtistTracksViewController.swift */,
				86FBF3B2260ABFEC00846A6C /* TrackTableViewCell.swift */,
			);
			path = Views;
			sourceTree = "<group>";
		};
		86FBF3C7260B092700846A6C /* TestData */ = {
			isa = PBXGroup;
			children = (
				86FBF3D1260B0AB400846A6C /* PinkFloydTracks.json */,
			);
			path = TestData;
			sourceTree = "<group>";
		};
		86FBF3C8260B093600846A6C /* Mocks */ = {
			isa = PBXGroup;
			children = (
				86FBF3C9260B095F00846A6C /* MockArtistRequests.swift */,
			);
			path = Mocks;
			sourceTree = "<group>";
		};
/* End PBXGroup section */

/* Begin PBXNativeTarget section */
		86FBF31F260AB49700846A6C /* ArtistsFromiTunes */ = {
			isa = PBXNativeTarget;
			buildConfigurationList = 86FBF34A260AB49800846A6C /* Build configuration list for PBXNativeTarget "ArtistsFromiTunes" */;
			buildPhases = (
				86FBF31C260AB49700846A6C /* Sources */,
				86FBF31D260AB49700846A6C /* Frameworks */,
				86FBF31E260AB49700846A6C /* Resources */,
			);
			buildRules = (
			);
			dependencies = (
			);
			name = ArtistsFromiTunes;
			productName = ArtistsFromiTunes;
			productReference = 86FBF320260AB49700846A6C /* ArtistsFromiTunes.app */;
			productType = "com.apple.product-type.application";
		};
		86FBF335260AB49800846A6C /* ArtistsFromiTunesTests */ = {
			isa = PBXNativeTarget;
			buildConfigurationList = 86FBF34D260AB49800846A6C /* Build configuration list for PBXNativeTarget "ArtistsFromiTunesTests" */;
			buildPhases = (
				86FBF332260AB49800846A6C /* Sources */,
				86FBF333260AB49800846A6C /* Frameworks */,
				86FBF334260AB49800846A6C /* Resources */,
			);
			buildRules = (
			);
			dependencies = (
				86FBF338260AB49800846A6C /* PBXTargetDependency */,
			);
			name = ArtistsFromiTunesTests;
			productName = ArtistsFromiTunesTests;
			productReference = 86FBF336260AB49800846A6C /* ArtistsFromiTunesTests.xctest */;
			productType = "com.apple.product-type.bundle.unit-test";
		};
		86FBF340260AB49800846A6C /* ArtistsFromiTunesUITests */ = {
			isa = PBXNativeTarget;
			buildConfigurationList = 86FBF350260AB49800846A6C /* Build configuration list for PBXNativeTarget "ArtistsFromiTunesUITests" */;
			buildPhases = (
				86FBF33D260AB49800846A6C /* Sources */,
				86FBF33E260AB49800846A6C /* Frameworks */,
				86FBF33F260AB49800846A6C /* Resources */,
			);
			buildRules = (
			);
			dependencies = (
				86FBF343260AB49800846A6C /* PBXTargetDependency */,
			);
			name = ArtistsFromiTunesUITests;
			productName = ArtistsFromiTunesUITests;
			productReference = 86FBF341260AB49800846A6C /* ArtistsFromiTunesUITests.xctest */;
			productType = "com.apple.product-type.bundle.ui-testing";
		};
/* End PBXNativeTarget section */

/* Begin PBXProject section */
		86FBF318260AB49700846A6C /* Project object */ = {
			isa = PBXProject;
			attributes = {
				LastSwiftUpdateCheck = 1240;
				LastUpgradeCheck = 1240;
				TargetAttributes = {
					86FBF31F260AB49700846A6C = {
						CreatedOnToolsVersion = 12.4;
					};
					86FBF335260AB49800846A6C = {
						CreatedOnToolsVersion = 12.4;
						TestTargetID = 86FBF31F260AB49700846A6C;
					};
					86FBF340260AB49800846A6C = {
						CreatedOnToolsVersion = 12.4;
						TestTargetID = 86FBF31F260AB49700846A6C;
					};
				};
			};
			buildConfigurationList = 86FBF31B260AB49700846A6C /* Build configuration list for PBXProject "ArtistsFromiTunes" */;
			compatibilityVersion = "Xcode 9.3";
			developmentRegion = en;
			hasScannedForEncodings = 0;
			knownRegions = (
				en,
				Base,
			);
			mainGroup = 86FBF317260AB49700846A6C;
			productRefGroup = 86FBF321260AB49700846A6C /* Products */;
			projectDirPath = "";
			projectRoot = "";
			targets = (
				86FBF31F260AB49700846A6C /* ArtistsFromiTunes */,
				86FBF335260AB49800846A6C /* ArtistsFromiTunesTests */,
				86FBF340260AB49800846A6C /* ArtistsFromiTunesUITests */,
			);
		};
/* End PBXProject section */

/* Begin PBXResourcesBuildPhase section */
		86FBF31E260AB49700846A6C /* Resources */ = {
			isa = PBXResourcesBuildPhase;
			buildActionMask = 2147483647;
			files = (
				86FBF330260AB49700846A6C /* LaunchScreen.storyboard in Resources */,
				86FBF32D260AB49700846A6C /* Assets.xcassets in Resources */,
				86FBF32B260AB49700846A6C /* Main.storyboard in Resources */,
			);
			runOnlyForDeploymentPostprocessing = 0;
		};
		86FBF334260AB49800846A6C /* Resources */ = {
			isa = PBXResourcesBuildPhase;
			buildActionMask = 2147483647;
			files = (
				86FBF3D2260B0AB400846A6C /* PinkFloydTracks.json in Resources */,
			);
			runOnlyForDeploymentPostprocessing = 0;
		};
		86FBF33F260AB49800846A6C /* Resources */ = {
			isa = PBXResourcesBuildPhase;
			buildActionMask = 2147483647;
			files = (
			);
			runOnlyForDeploymentPostprocessing = 0;
		};
/* End PBXResourcesBuildPhase section */

/* Begin PBXSourcesBuildPhase section */
		86FBF31C260AB49700846A6C /* Sources */ = {
			isa = PBXSourcesBuildPhase;
			buildActionMask = 2147483647;
			files = (
				86FBF36D260AB5F400846A6C /* Router.swift in Sources */,
				86FBF363260AB57A00846A6C /* HTTPTask.swift in Sources */,
				86FBF3AE260ABFD100846A6C /* ArtistTracksViewController.swift in Sources */,
				86FBF39C260AB97000846A6C /* ArtistRequests.swift in Sources */,
				86FBF378260AB65800846A6C /* ParameterEncoding.swift in Sources */,
				86FBF390260AB70300846A6C /* HTTPNetworkConstants.swift in Sources */,
				86FBF3A2260ABCA200846A6C /* TrackDataModel.swift in Sources */,
				86FBF380260AB68400846A6C /* JSONParameterEncoder.swift in Sources */,
				86FBF359260AB50F00846A6C /* EndPointType.swift in Sources */,
				86FBF324260AB49700846A6C /* AppDelegate.swift in Sources */,
				86FBF385260AB6A100846A6C /* URLParameterEncoder.swift in Sources */,
				86FBF35E260AB55E00846A6C /* HTTPMethod.swift in Sources */,
				86FBF3B3260ABFEC00846A6C /* TrackTableViewCell.swift in Sources */,
				86FBF3B8260AC32700846A6C /* ArtistTracksViewModel.swift in Sources */,
				86FBF326260AB49700846A6C /* SceneDelegate.swift in Sources */,
				86FBF38B260AB6DB00846A6C /* HTTPNetworkError.swift in Sources */,
				86FBF397260AB79F00846A6C /* ArtistEndPoint.swift in Sources */,
				86FBF368260AB59A00846A6C /* NetworkRouter.swift in Sources */,
				86FBF3C3260AEDBA00846A6C /* StringParameterEncoding.swift in Sources */,
			);
			runOnlyForDeploymentPostprocessing = 0;
		};
		86FBF332260AB49800846A6C /* Sources */ = {
			isa = PBXSourcesBuildPhase;
			buildActionMask = 2147483647;
			files = (
				86FBF3CA260B095F00846A6C /* MockArtistRequests.swift in Sources */,
				86FBF33B260AB49800846A6C /* ArtistsFromiTunesTests.swift in Sources */,
			);
			runOnlyForDeploymentPostprocessing = 0;
		};
		86FBF33D260AB49800846A6C /* Sources */ = {
			isa = PBXSourcesBuildPhase;
			buildActionMask = 2147483647;
			files = (
				86FBF346260AB49800846A6C /* ArtistsFromiTunesUITests.swift in Sources */,
			);
			runOnlyForDeploymentPostprocessing = 0;
		};
/* End PBXSourcesBuildPhase section */

/* Begin PBXTargetDependency section */
		86FBF338260AB49800846A6C /* PBXTargetDependency */ = {
			isa = PBXTargetDependency;
			target = 86FBF31F260AB49700846A6C /* ArtistsFromiTunes */;
			targetProxy = 86FBF337260AB49800846A6C /* PBXContainerItemProxy */;
		};
		86FBF343260AB49800846A6C /* PBXTargetDependency */ = {
			isa = PBXTargetDependency;
			target = 86FBF31F260AB49700846A6C /* ArtistsFromiTunes */;
			targetProxy = 86FBF342260AB49800846A6C /* PBXContainerItemProxy */;
		};
/* End PBXTargetDependency section */

/* Begin PBXVariantGroup section */
		86FBF329260AB49700846A6C /* Main.storyboard */ = {
			isa = PBXVariantGroup;
			children = (
				86FBF32A260AB49700846A6C /* Base */,
			);
			name = Main.storyboard;
			sourceTree = "<group>";
		};
		86FBF32E260AB49700846A6C /* LaunchScreen.storyboard */ = {
			isa = PBXVariantGroup;
			children = (
				86FBF32F260AB49700846A6C /* Base */,
			);
			name = LaunchScreen.storyboard;
			sourceTree = "<group>";
		};
/* End PBXVariantGroup section */

/* Begin XCBuildConfiguration section */
		86FBF348260AB49800846A6C /* Debug */ = {
			isa = XCBuildConfiguration;
			buildSettings = {
				ALWAYS_SEARCH_USER_PATHS = NO;
				CLANG_ANALYZER_NONNULL = YES;
				CLANG_ANALYZER_NUMBER_OBJECT_CONVERSION = YES_AGGRESSIVE;
				CLANG_CXX_LANGUAGE_STANDARD = "gnu++14";
				CLANG_CXX_LIBRARY = "libc++";
				CLANG_ENABLE_MODULES = YES;
				CLANG_ENABLE_OBJC_ARC = YES;
				CLANG_ENABLE_OBJC_WEAK = YES;
				CLANG_WARN_BLOCK_CAPTURE_AUTORELEASING = YES;
				CLANG_WARN_BOOL_CONVERSION = YES;
				CLANG_WARN_COMMA = YES;
				CLANG_WARN_CONSTANT_CONVERSION = YES;
				CLANG_WARN_DEPRECATED_OBJC_IMPLEMENTATIONS = YES;
				CLANG_WARN_DIRECT_OBJC_ISA_USAGE = YES_ERROR;
				CLANG_WARN_DOCUMENTATION_COMMENTS = YES;
				CLANG_WARN_EMPTY_BODY = YES;
				CLANG_WARN_ENUM_CONVERSION = YES;
				CLANG_WARN_INFINITE_RECURSION = YES;
				CLANG_WARN_INT_CONVERSION = YES;
				CLANG_WARN_NON_LITERAL_NULL_CONVERSION = YES;
				CLANG_WARN_OBJC_IMPLICIT_RETAIN_SELF = YES;
				CLANG_WARN_OBJC_LITERAL_CONVERSION = YES;
				CLANG_WARN_OBJC_ROOT_CLASS = YES_ERROR;
				CLANG_WARN_QUOTED_INCLUDE_IN_FRAMEWORK_HEADER = YES;
				CLANG_WARN_RANGE_LOOP_ANALYSIS = YES;
				CLANG_WARN_STRICT_PROTOTYPES = YES;
				CLANG_WARN_SUSPICIOUS_MOVE = YES;
				CLANG_WARN_UNGUARDED_AVAILABILITY = YES_AGGRESSIVE;
				CLANG_WARN_UNREACHABLE_CODE = YES;
				CLANG_WARN__DUPLICATE_METHOD_MATCH = YES;
				COPY_PHASE_STRIP = NO;
				DEBUG_INFORMATION_FORMAT = dwarf;
				ENABLE_STRICT_OBJC_MSGSEND = YES;
				ENABLE_TESTABILITY = YES;
				GCC_C_LANGUAGE_STANDARD = gnu11;
				GCC_DYNAMIC_NO_PIC = NO;
				GCC_NO_COMMON_BLOCKS = YES;
				GCC_OPTIMIZATION_LEVEL = 0;
				GCC_PREPROCESSOR_DEFINITIONS = (
					"DEBUG=1",
					"$(inherited)",
				);
				GCC_WARN_64_TO_32_BIT_CONVERSION = YES;
				GCC_WARN_ABOUT_RETURN_TYPE = YES_ERROR;
				GCC_WARN_UNDECLARED_SELECTOR = YES;
				GCC_WARN_UNINITIALIZED_AUTOS = YES_AGGRESSIVE;
				GCC_WARN_UNUSED_FUNCTION = YES;
				GCC_WARN_UNUSED_VARIABLE = YES;
				IPHONEOS_DEPLOYMENT_TARGET = 14.4;
				MTL_ENABLE_DEBUG_INFO = INCLUDE_SOURCE;
				MTL_FAST_MATH = YES;
				ONLY_ACTIVE_ARCH = YES;
				SDKROOT = iphoneos;
				SWIFT_ACTIVE_COMPILATION_CONDITIONS = DEBUG;
				SWIFT_OPTIMIZATION_LEVEL = "-Onone";
			};
			name = Debug;
		};
		86FBF349260AB49800846A6C /* Release */ = {
			isa = XCBuildConfiguration;
			buildSettings = {
				ALWAYS_SEARCH_USER_PATHS = NO;
				CLANG_ANALYZER_NONNULL = YES;
				CLANG_ANALYZER_NUMBER_OBJECT_CONVERSION = YES_AGGRESSIVE;
				CLANG_CXX_LANGUAGE_STANDARD = "gnu++14";
				CLANG_CXX_LIBRARY = "libc++";
				CLANG_ENABLE_MODULES = YES;
				CLANG_ENABLE_OBJC_ARC = YES;
				CLANG_ENABLE_OBJC_WEAK = YES;
				CLANG_WARN_BLOCK_CAPTURE_AUTORELEASING = YES;
				CLANG_WARN_BOOL_CONVERSION = YES;
				CLANG_WARN_COMMA = YES;
				CLANG_WARN_CONSTANT_CONVERSION = YES;
				CLANG_WARN_DEPRECATED_OBJC_IMPLEMENTATIONS = YES;
				CLANG_WARN_DIRECT_OBJC_ISA_USAGE = YES_ERROR;
				CLANG_WARN_DOCUMENTATION_COMMENTS = YES;
				CLANG_WARN_EMPTY_BODY = YES;
				CLANG_WARN_ENUM_CONVERSION = YES;
				CLANG_WARN_INFINITE_RECURSION = YES;
				CLANG_WARN_INT_CONVERSION = YES;
				CLANG_WARN_NON_LITERAL_NULL_CONVERSION = YES;
				CLANG_WARN_OBJC_IMPLICIT_RETAIN_SELF = YES;
				CLANG_WARN_OBJC_LITERAL_CONVERSION = YES;
				CLANG_WARN_OBJC_ROOT_CLASS = YES_ERROR;
				CLANG_WARN_QUOTED_INCLUDE_IN_FRAMEWORK_HEADER = YES;
				CLANG_WARN_RANGE_LOOP_ANALYSIS = YES;
				CLANG_WARN_STRICT_PROTOTYPES = YES;
				CLANG_WARN_SUSPICIOUS_MOVE = YES;
				CLANG_WARN_UNGUARDED_AVAILABILITY = YES_AGGRESSIVE;
				CLANG_WARN_UNREACHABLE_CODE = YES;
				CLANG_WARN__DUPLICATE_METHOD_MATCH = YES;
				COPY_PHASE_STRIP = NO;
				DEBUG_INFORMATION_FORMAT = "dwarf-with-dsym";
				ENABLE_NS_ASSERTIONS = NO;
				ENABLE_STRICT_OBJC_MSGSEND = YES;
				GCC_C_LANGUAGE_STANDARD = gnu11;
				GCC_NO_COMMON_BLOCKS = YES;
				GCC_WARN_64_TO_32_BIT_CONVERSION = YES;
				GCC_WARN_ABOUT_RETURN_TYPE = YES_ERROR;
				GCC_WARN_UNDECLARED_SELECTOR = YES;
				GCC_WARN_UNINITIALIZED_AUTOS = YES_AGGRESSIVE;
				GCC_WARN_UNUSED_FUNCTION = YES;
				GCC_WARN_UNUSED_VARIABLE = YES;
				IPHONEOS_DEPLOYMENT_TARGET = 14.4;
				MTL_ENABLE_DEBUG_INFO = NO;
				MTL_FAST_MATH = YES;
				SDKROOT = iphoneos;
				SWIFT_COMPILATION_MODE = wholemodule;
				SWIFT_OPTIMIZATION_LEVEL = "-O";
				VALIDATE_PRODUCT = YES;
			};
			name = Release;
		};
		86FBF34B260AB49800846A6C /* Debug */ = {
			isa = XCBuildConfiguration;
			buildSettings = {
				ASSETCATALOG_COMPILER_APPICON_NAME = AppIcon;
				ASSETCATALOG_COMPILER_GLOBAL_ACCENT_COLOR_NAME = AccentColor;
				CODE_SIGN_STYLE = Automatic;
				DEVELOPMENT_TEAM = SZ9U75K7J3;
				INFOPLIST_FILE = ArtistsFromiTunes/Info.plist;
				LD_RUNPATH_SEARCH_PATHS = (
					"$(inherited)",
					"@executable_path/Frameworks",
				);
				PRODUCT_BUNDLE_IDENTIFIER = com.usrcube.ArtistsFromiTunes;
				PRODUCT_NAME = "$(TARGET_NAME)";
				SWIFT_VERSION = 5.0;
				TARGETED_DEVICE_FAMILY = "1,2";
			};
			name = Debug;
		};
		86FBF34C260AB49800846A6C /* Release */ = {
			isa = XCBuildConfiguration;
			buildSettings = {
				ASSETCATALOG_COMPILER_APPICON_NAME = AppIcon;
				ASSETCATALOG_COMPILER_GLOBAL_ACCENT_COLOR_NAME = AccentColor;
				CODE_SIGN_STYLE = Automatic;
				DEVELOPMENT_TEAM = SZ9U75K7J3;
				INFOPLIST_FILE = ArtistsFromiTunes/Info.plist;
				LD_RUNPATH_SEARCH_PATHS = (
					"$(inherited)",
					"@executable_path/Frameworks",
				);
				PRODUCT_BUNDLE_IDENTIFIER = com.usrcube.ArtistsFromiTunes;
				PRODUCT_NAME = "$(TARGET_NAME)";
				SWIFT_VERSION = 5.0;
				TARGETED_DEVICE_FAMILY = "1,2";
			};
			name = Release;
		};
		86FBF34E260AB49800846A6C /* Debug */ = {
			isa = XCBuildConfiguration;
			buildSettings = {
				ALWAYS_EMBED_SWIFT_STANDARD_LIBRARIES = YES;
				BUNDLE_LOADER = "$(TEST_HOST)";
				CODE_SIGN_STYLE = Automatic;
				DEVELOPMENT_TEAM = SZ9U75K7J3;
				INFOPLIST_FILE = ArtistsFromiTunesTests/Info.plist;
				IPHONEOS_DEPLOYMENT_TARGET = 14.4;
				LD_RUNPATH_SEARCH_PATHS = (
					"$(inherited)",
					"@executable_path/Frameworks",
					"@loader_path/Frameworks",
				);
				PRODUCT_BUNDLE_IDENTIFIER = com.usrcube.ArtistsFromiTunesTests;
				PRODUCT_NAME = "$(TARGET_NAME)";
				SWIFT_VERSION = 5.0;
				TARGETED_DEVICE_FAMILY = "1,2";
				TEST_HOST = "$(BUILT_PRODUCTS_DIR)/ArtistsFromiTunes.app/ArtistsFromiTunes";
			};
			name = Debug;
		};
		86FBF34F260AB49800846A6C /* Release */ = {
			isa = XCBuildConfiguration;
			buildSettings = {
				ALWAYS_EMBED_SWIFT_STANDARD_LIBRARIES = YES;
				BUNDLE_LOADER = "$(TEST_HOST)";
				CODE_SIGN_STYLE = Automatic;
				DEVELOPMENT_TEAM = SZ9U75K7J3;
				INFOPLIST_FILE = ArtistsFromiTunesTests/Info.plist;
				IPHONEOS_DEPLOYMENT_TARGET = 14.4;
				LD_RUNPATH_SEARCH_PATHS = (
					"$(inherited)",
					"@executable_path/Frameworks",
					"@loader_path/Frameworks",
				);
				PRODUCT_BUNDLE_IDENTIFIER = com.usrcube.ArtistsFromiTunesTests;
				PRODUCT_NAME = "$(TARGET_NAME)";
				SWIFT_VERSION = 5.0;
				TARGETED_DEVICE_FAMILY = "1,2";
				TEST_HOST = "$(BUILT_PRODUCTS_DIR)/ArtistsFromiTunes.app/ArtistsFromiTunes";
			};
			name = Release;
		};
		86FBF351260AB49800846A6C /* Debug */ = {
			isa = XCBuildConfiguration;
			buildSettings = {
				ALWAYS_EMBED_SWIFT_STANDARD_LIBRARIES = YES;
				CODE_SIGN_STYLE = Automatic;
				DEVELOPMENT_TEAM = SZ9U75K7J3;
				INFOPLIST_FILE = ArtistsFromiTunesUITests/Info.plist;
				LD_RUNPATH_SEARCH_PATHS = (
					"$(inherited)",
					"@executable_path/Frameworks",
					"@loader_path/Frameworks",
				);
				PRODUCT_BUNDLE_IDENTIFIER = com.usrcube.ArtistsFromiTunesUITests;
				PRODUCT_NAME = "$(TARGET_NAME)";
				SWIFT_VERSION = 5.0;
				TARGETED_DEVICE_FAMILY = "1,2";
				TEST_TARGET_NAME = ArtistsFromiTunes;
			};
			name = Debug;
		};
		86FBF352260AB49800846A6C /* Release */ = {
			isa = XCBuildConfiguration;
			buildSettings = {
				ALWAYS_EMBED_SWIFT_STANDARD_LIBRARIES = YES;
				CODE_SIGN_STYLE = Automatic;
				DEVELOPMENT_TEAM = SZ9U75K7J3;
				INFOPLIST_FILE = ArtistsFromiTunesUITests/Info.plist;
				LD_RUNPATH_SEARCH_PATHS = (
					"$(inherited)",
					"@executable_path/Frameworks",
					"@loader_path/Frameworks",
				);
				PRODUCT_BUNDLE_IDENTIFIER = com.usrcube.ArtistsFromiTunesUITests;
				PRODUCT_NAME = "$(TARGET_NAME)";
				SWIFT_VERSION = 5.0;
				TARGETED_DEVICE_FAMILY = "1,2";
				TEST_TARGET_NAME = ArtistsFromiTunes;
			};
			name = Release;
		};
/* End XCBuildConfiguration section */

/* Begin XCConfigurationList section */
		86FBF31B260AB49700846A6C /* Build configuration list for PBXProject "ArtistsFromiTunes" */ = {
			isa = XCConfigurationList;
			buildConfigurations = (
				86FBF348260AB49800846A6C /* Debug */,
				86FBF349260AB49800846A6C /* Release */,
			);
			defaultConfigurationIsVisible = 0;
			defaultConfigurationName = Release;
		};
		86FBF34A260AB49800846A6C /* Build configuration list for PBXNativeTarget "ArtistsFromiTunes" */ = {
			isa = XCConfigurationList;
			buildConfigurations = (
				86FBF34B260AB49800846A6C /* Debug */,
				86FBF34C260AB49800846A6C /* Release */,
			);
			defaultConfigurationIsVisible = 0;
			defaultConfigurationName = Release;
		};
		86FBF34D260AB49800846A6C /* Build configuration list for PBXNativeTarget "ArtistsFromiTunesTests" */ = {
			isa = XCConfigurationList;
			buildConfigurations = (
				86FBF34E260AB49800846A6C /* Debug */,
				86FBF34F260AB49800846A6C /* Release */,
			);
			defaultConfigurationIsVisible = 0;
			defaultConfigurationName = Release;
		};
		86FBF350260AB49800846A6C /* Build configuration list for PBXNativeTarget "ArtistsFromiTunesUITests" */ = {
			isa = XCConfigurationList;
			buildConfigurations = (
				86FBF351260AB49800846A6C /* Debug */,
				86FBF352260AB49800846A6C /* Release */,
			);
			defaultConfigurationIsVisible = 0;
			defaultConfigurationName = Release;
		};
/* End XCConfigurationList section */
	};
	rootObject = 86FBF318260AB49700846A6C /* Project object */;
}
